{
    "_meta": {
        "hash": {
            "sha256": "ce9fc617aa6c48e7414fa4b4ddb4dc5255a335d34312735b1a9e5dbe2af40383"
        },
        "pipfile-spec": 6,
        "requires": {
            "python_version": "3.7"
        },
        "sources": [
            {
                "name": "pypi",
                "url": "https://pypi.org/simple",
                "verify_ssl": true
            }
        ]
    },
    "default": {
        "click": {
            "hashes": [
                "sha256:2335065e6395b9e67ca716de5f7526736bfa6ceead690adf616d925bdc622b13",
                "sha256:5b94b49521f6456670fdb30cd82a4eca9412788a93fa6dd6df72c94d5a8ff2d7"
            ],
            "index": "pypi",
            "version": "==7.0"
        },
        "tinydb": {
            "hashes": [
                "sha256:24b3d4a9611e9953fd57caf063ede6d20abfa0886289fa251f5933082c605dca",
                "sha256:54f6b52fc9bc8378ea29b60e8d93c58f0f4b580a0a3b345810fbc2375baa7655"
            ],
            "index": "pypi",
            "version": "==3.12.2"
        }
    },
    "develop": {}
}
